// !$*UTF8*$!
{
	archiveVersion = 1;
	classes = {
	};
	objectVersion = 77;
	objects = {

/* Begin PBXBuildFile section */
		D527B7012DB5D29A00F8A99E /* GoogleService-Info.plist in Resources */ = {isa = PBXBuildFile; fileRef = D527B7002DB5D29A00F8A99E /* GoogleService-Info.plist */; };
		D527B7042DB5D64E00F8A99E /* FirebaseAnalytics in Frameworks */ = {isa = PBXBuildFile; productRef = D527B7032DB5D64E00F8A99E /* FirebaseAnalytics */; };
		D527B7062DB5D64E00F8A99E /* FirebaseAuth in Frameworks */ = {isa = PBXBuildFile; productRef = D527B7052DB5D64E00F8A99E /* FirebaseAuth */; };
		D527B7082DB5D64E00F8A99E /* FirebaseCore in Frameworks */ = {isa = PBXBuildFile; productRef = D527B7072DB5D64E00F8A99E /* FirebaseCore */; };
		D527B70A2DB5D64E00F8A99E /* FirebaseFirestore in Frameworks */ = {isa = PBXBuildFile; productRef = D527B7092DB5D64E00F8A99E /* FirebaseFirestore */; };
		D527B70C2DB5D64E00F8A99E /* FirebaseMessaging in Frameworks */ = {isa = PBXBuildFile; productRef = D527B70B2DB5D64E00F8A99E /* FirebaseMessaging */; };
		D527B70E2DB5D91800F8A99E /* SignUpAuthViewController.swift in Sources */ = {isa = PBXBuildFile; fileRef = D527B70D2DB5D90500F8A99E /* SignUpAuthViewController.swift */; };
		D527B7142DB5DA1E00F8A99E /* SignUpTimerViewModel.swift in Sources */ = {isa = PBXBuildFile; fileRef = D527B7132DB5DA1300F8A99E /* SignUpTimerViewModel.swift */; };
		D527B7222DB5E84200F8A99E /* Pretendard-ExtraBold.otf in Resources */ = {isa = PBXBuildFile; fileRef = D527B71B2DB5E84200F8A99E /* Pretendard-ExtraBold.otf */; };
		D527B7232DB5E84200F8A99E /* Pretendard-Light.otf in Resources */ = {isa = PBXBuildFile; fileRef = D527B71D2DB5E84200F8A99E /* Pretendard-Light.otf */; };
		D527B7242DB5E84200F8A99E /* Pretendard-Thin.otf in Resources */ = {isa = PBXBuildFile; fileRef = D527B7212DB5E84200F8A99E /* Pretendard-Thin.otf */; };
		D527B7252DB5E84200F8A99E /* Pretendard-Regular.otf in Resources */ = {isa = PBXBuildFile; fileRef = D527B71F2DB5E84200F8A99E /* Pretendard-Regular.otf */; };
		D527B7262DB5E84200F8A99E /* Pretendard-Medium.otf in Resources */ = {isa = PBXBuildFile; fileRef = D527B71E2DB5E84200F8A99E /* Pretendard-Medium.otf */; };
		D527B7272DB5E84200F8A99E /* Pretendard-ExtraLight.otf in Resources */ = {isa = PBXBuildFile; fileRef = D527B71C2DB5E84200F8A99E /* Pretendard-ExtraLight.otf */; };
		D527B7282DB5E84200F8A99E /* Pretendard-Black.otf in Resources */ = {isa = PBXBuildFile; fileRef = D527B7192DB5E84200F8A99E /* Pretendard-Black.otf */; };
		D527B7292DB5E84200F8A99E /* Pretendard-Bold.otf in Resources */ = {isa = PBXBuildFile; fileRef = D527B71A2DB5E84200F8A99E /* Pretendard-Bold.otf */; };
		D527B72A2DB5E84200F8A99E /* Pretendard-SemiBold.otf in Resources */ = {isa = PBXBuildFile; fileRef = D527B7202DB5E84200F8A99E /* Pretendard-SemiBold.otf */; };
		D527B72C2DB5EBE700F8A99E /* PaddedTextField.swift in Sources */ = {isa = PBXBuildFile; fileRef = D527B72B2DB5EBA500F8A99E /* PaddedTextField.swift */; };
		D527B7342DB6806C00F8A99E /* RadiusSqaureDelegate.swift in Sources */ = {isa = PBXBuildFile; fileRef = D527B7332DB6805D00F8A99E /* RadiusSqaureDelegate.swift */; };
		D527B7362DB6845300F8A99E /* LoginViewController.swift in Sources */ = {isa = PBXBuildFile; fileRef = D527B7352DB6844400F8A99E /* LoginViewController.swift */; };
		D527B73B2DB6926C00F8A99E /* HomeViewController.swift in Sources */ = {isa = PBXBuildFile; fileRef = D527B73A2DB6926300F8A99E /* HomeViewController.swift */; };
		D5409C492DB1D6F800B6FF8E /* AppCoordinator.swift in Sources */ = {isa = PBXBuildFile; fileRef = D5409C292DB1D6F800B6FF8E /* AppCoordinator.swift */; };
		D5409C4A2DB1D6F800B6FF8E /* Coordinator.swift in Sources */ = {isa = PBXBuildFile; fileRef = D5409C2A2DB1D6F800B6FF8E /* Coordinator.swift */; };
		D5409C4B2DB1D6F800B6FF8E /* LaunchViewController.swift in Sources */ = {isa = PBXBuildFile; fileRef = D5409C2E2DB1D6F800B6FF8E /* LaunchViewController.swift */; };
		D5409C4C2DB1D6F800B6FF8E /* ColorLiterals.swift in Sources */ = {isa = PBXBuildFile; fileRef = D5409C332DB1D6F800B6FF8E /* ColorLiterals.swift */; };
		D5409C4D2DB1D6F800B6FF8E /* FontLiterals.swift in Sources */ = {isa = PBXBuildFile; fileRef = D5409C352DB1D6F800B6FF8E /* FontLiterals.swift */; };
		D5409C4E2DB1D6F800B6FF8E /* AppDelegate.swift in Sources */ = {isa = PBXBuildFile; fileRef = D5409C442DB1D6F800B6FF8E /* AppDelegate.swift */; };
		D5409C4F2DB1D6F800B6FF8E /* SceneDelegate.swift in Sources */ = {isa = PBXBuildFile; fileRef = D5409C472DB1D6F800B6FF8E /* SceneDelegate.swift */; };
		D5409C592DB1D6F800B6FF8E /* Assets.xcassets in Resources */ = {isa = PBXBuildFile; fileRef = D5409C402DB1D6F800B6FF8E /* Assets.xcassets */; };
		D5409C692DB1F4D600B6FF8E /* UIViewControllerPreview.swift in Sources */ = {isa = PBXBuildFile; fileRef = D5409C682DB1F4CA00B6FF8E /* UIViewControllerPreview.swift */; };
		D5409C6C2DB1F95700B6FF8E /* IntroViewController.swift in Sources */ = {isa = PBXBuildFile; fileRef = D5409C6B2DB1F95700B6FF8E /* IntroViewController.swift */; };
		D5409D252DB41E4D00B6FF8E /* NewLaunchScreen.storyboard in Resources */ = {isa = PBXBuildFile; fileRef = D5409D242DB41E4D00B6FF8E /* NewLaunchScreen.storyboard */; };
		D5409D282DB429B900B6FF8E /* RadiusSquare.swift in Sources */ = {isa = PBXBuildFile; fileRef = D5409D272DB429A400B6FF8E /* RadiusSquare.swift */; };
		D5A5E3B02DBA264600C908EE /* SignUpAuthModel.swift in Sources */ = {isa = PBXBuildFile; fileRef = D5A5E3AF2DBA263A00C908EE /* SignUpAuthModel.swift */; };
		D5A5E3B22DBA26B800C908EE /* SignUpAuthService.swift in Sources */ = {isa = PBXBuildFile; fileRef = D5A5E3B12DBA26A900C908EE /* SignUpAuthService.swift */; };
		D5A5E3B42DBA276F00C908EE /* SingUpVerifyModel.swift in Sources */ = {isa = PBXBuildFile; fileRef = D5A5E3B32DBA276700C908EE /* SingUpVerifyModel.swift */; };
		D5A5E3B62DBA284900C908EE /* SignUpVerifyService.swift in Sources */ = {isa = PBXBuildFile; fileRef = D5A5E3B52DBA284300C908EE /* SignUpVerifyService.swift */; };
		D5A5E3BB2DBA296700C908EE /* LoginModel.swift in Sources */ = {isa = PBXBuildFile; fileRef = D5A5E3BA2DBA296100C908EE /* LoginModel.swift */; };
		D5A5E3BF2DBA299700C908EE /* LoginService.swift in Sources */ = {isa = PBXBuildFile; fileRef = D5A5E3BE2DBA298E00C908EE /* LoginService.swift */; };
		D5BA08222DB93D52007BC95A /* LoginViewModel.swift in Sources */ = {isa = PBXBuildFile; fileRef = D5BA08212DB93D4E007BC95A /* LoginViewModel.swift */; };
		D5BA08262DB9466A007BC95A /* HomeCoordinator.swift in Sources */ = {isa = PBXBuildFile; fileRef = D5BA08252DB94662007BC95A /* HomeCoordinator.swift */; };
		D5BA082A2DB9487F007BC95A /* LoadingViewController.swift in Sources */ = {isa = PBXBuildFile; fileRef = D5BA08292DB94878007BC95A /* LoadingViewController.swift */; };
		D5BA082D2DB94A78007BC95A /* Lottie in Frameworks */ = {isa = PBXBuildFile; productRef = D5BA082C2DB94A78007BC95A /* Lottie */; };
		D5BA08342DB94C22007BC95A /* loading.json in Resources */ = {isa = PBXBuildFile; fileRef = D5BA08332DB94C22007BC95A /* loading.json */; };
		D5E8A7AA2DB734C500B95869 /* SignUpAuthViewModel.swift in Sources */ = {isa = PBXBuildFile; fileRef = D5E8A7A92DB734BB00B95869 /* SignUpAuthViewModel.swift */; };
		D5E8A7BA2DB73A8F00B95869 /* SignUpVerifyViewController.swift in Sources */ = {isa = PBXBuildFile; fileRef = D5E8A7B92DB73A7C00B95869 /* SignUpVerifyViewController.swift */; };
		D5E8A7BC2DB73AFD00B95869 /* SignUpVerifyViewModel.swift in Sources */ = {isa = PBXBuildFile; fileRef = D5E8A7BB2DB73AF300B95869 /* SignUpVerifyViewModel.swift */; };
		D5E8A7C32DB7479B00B95869 /* UserModel.swift in Sources */ = {isa = PBXBuildFile; fileRef = D5E8A7C22DB7479600B95869 /* UserModel.swift */; };
		D5E8A7CC2DB7A14C00B95869 /* FirebaseFunctions in Frameworks */ = {isa = PBXBuildFile; productRef = D5E8A7CB2DB7A14C00B95869 /* FirebaseFunctions */; };
		D5E8A7D12DB7AC3A00B95869 /* Toast in Frameworks */ = {isa = PBXBuildFile; productRef = D5E8A7D02DB7AC3A00B95869 /* Toast */; };
		D5E8A7D62DB7BAAB00B95869 /* UserDefaultWrapper.swift in Sources */ = {isa = PBXBuildFile; fileRef = D5E8A7D52DB7BAA100B95869 /* UserDefaultWrapper.swift */; };
		D5E8A7D82DB7BAEF00B95869 /* UserStorage.swift in Sources */ = {isa = PBXBuildFile; fileRef = D5E8A7D72DB7BAE000B95869 /* UserStorage.swift */; };
/* End PBXBuildFile section */

/* Begin PBXFileReference section */
		D527B7002DB5D29A00F8A99E /* GoogleService-Info.plist */ = {isa = PBXFileReference; lastKnownFileType = text.plist.xml; path = "GoogleService-Info.plist"; sourceTree = "<group>"; };
		D527B70D2DB5D90500F8A99E /* SignUpAuthViewController.swift */ = {isa = PBXFileReference; lastKnownFileType = sourcecode.swift; path = SignUpAuthViewController.swift; sourceTree = "<group>"; };
		D527B7132DB5DA1300F8A99E /* SignUpTimerViewModel.swift */ = {isa = PBXFileReference; lastKnownFileType = sourcecode.swift; path = SignUpTimerViewModel.swift; sourceTree = "<group>"; };
		D527B7192DB5E84200F8A99E /* Pretendard-Black.otf */ = {isa = PBXFileReference; lastKnownFileType = file; path = "Pretendard-Black.otf"; sourceTree = "<group>"; };
		D527B71A2DB5E84200F8A99E /* Pretendard-Bold.otf */ = {isa = PBXFileReference; lastKnownFileType = file; path = "Pretendard-Bold.otf"; sourceTree = "<group>"; };
		D527B71B2DB5E84200F8A99E /* Pretendard-ExtraBold.otf */ = {isa = PBXFileReference; lastKnownFileType = file; path = "Pretendard-ExtraBold.otf"; sourceTree = "<group>"; };
		D527B71C2DB5E84200F8A99E /* Pretendard-ExtraLight.otf */ = {isa = PBXFileReference; lastKnownFileType = file; path = "Pretendard-ExtraLight.otf"; sourceTree = "<group>"; };
		D527B71D2DB5E84200F8A99E /* Pretendard-Light.otf */ = {isa = PBXFileReference; lastKnownFileType = file; path = "Pretendard-Light.otf"; sourceTree = "<group>"; };
		D527B71E2DB5E84200F8A99E /* Pretendard-Medium.otf */ = {isa = PBXFileReference; lastKnownFileType = file; path = "Pretendard-Medium.otf"; sourceTree = "<group>"; };
		D527B71F2DB5E84200F8A99E /* Pretendard-Regular.otf */ = {isa = PBXFileReference; lastKnownFileType = file; path = "Pretendard-Regular.otf"; sourceTree = "<group>"; };
		D527B7202DB5E84200F8A99E /* Pretendard-SemiBold.otf */ = {isa = PBXFileReference; lastKnownFileType = file; path = "Pretendard-SemiBold.otf"; sourceTree = "<group>"; };
		D527B7212DB5E84200F8A99E /* Pretendard-Thin.otf */ = {isa = PBXFileReference; lastKnownFileType = file; path = "Pretendard-Thin.otf"; sourceTree = "<group>"; };
		D527B72B2DB5EBA500F8A99E /* PaddedTextField.swift */ = {isa = PBXFileReference; lastKnownFileType = sourcecode.swift; path = PaddedTextField.swift; sourceTree = "<group>"; };
		D527B7332DB6805D00F8A99E /* RadiusSqaureDelegate.swift */ = {isa = PBXFileReference; lastKnownFileType = sourcecode.swift; path = RadiusSqaureDelegate.swift; sourceTree = "<group>"; };
		D527B7352DB6844400F8A99E /* LoginViewController.swift */ = {isa = PBXFileReference; lastKnownFileType = sourcecode.swift; path = LoginViewController.swift; sourceTree = "<group>"; };
		D527B73A2DB6926300F8A99E /* HomeViewController.swift */ = {isa = PBXFileReference; lastKnownFileType = sourcecode.swift; path = HomeViewController.swift; sourceTree = "<group>"; };
		D5409C292DB1D6F800B6FF8E /* AppCoordinator.swift */ = {isa = PBXFileReference; lastKnownFileType = sourcecode.swift; path = AppCoordinator.swift; sourceTree = "<group>"; };
		D5409C2A2DB1D6F800B6FF8E /* Coordinator.swift */ = {isa = PBXFileReference; lastKnownFileType = sourcecode.swift; path = Coordinator.swift; sourceTree = "<group>"; };
		D5409C2E2DB1D6F800B6FF8E /* LaunchViewController.swift */ = {isa = PBXFileReference; lastKnownFileType = sourcecode.swift; path = LaunchViewController.swift; sourceTree = "<group>"; };
		D5409C332DB1D6F800B6FF8E /* ColorLiterals.swift */ = {isa = PBXFileReference; lastKnownFileType = sourcecode.swift; path = ColorLiterals.swift; sourceTree = "<group>"; };
		D5409C352DB1D6F800B6FF8E /* FontLiterals.swift */ = {isa = PBXFileReference; lastKnownFileType = sourcecode.swift; path = FontLiterals.swift; sourceTree = "<group>"; };
		D5409C402DB1D6F800B6FF8E /* Assets.xcassets */ = {isa = PBXFileReference; lastKnownFileType = folder.assetcatalog; path = Assets.xcassets; sourceTree = "<group>"; };
		D5409C442DB1D6F800B6FF8E /* AppDelegate.swift */ = {isa = PBXFileReference; lastKnownFileType = sourcecode.swift; path = AppDelegate.swift; sourceTree = "<group>"; };
		D5409C452DB1D6F800B6FF8E /* Info.plist */ = {isa = PBXFileReference; lastKnownFileType = text.plist.xml; path = Info.plist; sourceTree = "<group>"; };
		D5409C472DB1D6F800B6FF8E /* SceneDelegate.swift */ = {isa = PBXFileReference; lastKnownFileType = sourcecode.swift; path = SceneDelegate.swift; sourceTree = "<group>"; };
		D5409C682DB1F4CA00B6FF8E /* UIViewControllerPreview.swift */ = {isa = PBXFileReference; lastKnownFileType = sourcecode.swift; path = UIViewControllerPreview.swift; sourceTree = "<group>"; };
		D5409C6B2DB1F95700B6FF8E /* IntroViewController.swift */ = {isa = PBXFileReference; lastKnownFileType = sourcecode.swift; path = IntroViewController.swift; sourceTree = "<group>"; };
		D5409D242DB41E4D00B6FF8E /* NewLaunchScreen.storyboard */ = {isa = PBXFileReference; lastKnownFileType = file.storyboard; path = NewLaunchScreen.storyboard; sourceTree = "<group>"; };
		D5409D272DB429A400B6FF8E /* RadiusSquare.swift */ = {isa = PBXFileReference; lastKnownFileType = sourcecode.swift; path = RadiusSquare.swift; sourceTree = "<group>"; };
		D575014D2DB11280002C1135 /* iEO.app */ = {isa = PBXFileReference; explicitFileType = wrapper.application; includeInIndex = 0; path = iEO.app; sourceTree = BUILT_PRODUCTS_DIR; };
		D5A5E3AF2DBA263A00C908EE /* SignUpAuthModel.swift */ = {isa = PBXFileReference; lastKnownFileType = sourcecode.swift; path = SignUpAuthModel.swift; sourceTree = "<group>"; };
		D5A5E3B12DBA26A900C908EE /* SignUpAuthService.swift */ = {isa = PBXFileReference; lastKnownFileType = sourcecode.swift; path = SignUpAuthService.swift; sourceTree = "<group>"; };
		D5A5E3B32DBA276700C908EE /* SingUpVerifyModel.swift */ = {isa = PBXFileReference; lastKnownFileType = sourcecode.swift; path = SingUpVerifyModel.swift; sourceTree = "<group>"; };
		D5A5E3B52DBA284300C908EE /* SignUpVerifyService.swift */ = {isa = PBXFileReference; lastKnownFileType = sourcecode.swift; path = SignUpVerifyService.swift; sourceTree = "<group>"; };
		D5A5E3BA2DBA296100C908EE /* LoginModel.swift */ = {isa = PBXFileReference; lastKnownFileType = sourcecode.swift; path = LoginModel.swift; sourceTree = "<group>"; };
		D5A5E3BE2DBA298E00C908EE /* LoginService.swift */ = {isa = PBXFileReference; lastKnownFileType = sourcecode.swift; path = LoginService.swift; sourceTree = "<group>"; };
		D5BA08212DB93D4E007BC95A /* LoginViewModel.swift */ = {isa = PBXFileReference; lastKnownFileType = sourcecode.swift; path = LoginViewModel.swift; sourceTree = "<group>"; };
		D5BA08252DB94662007BC95A /* HomeCoordinator.swift */ = {isa = PBXFileReference; lastKnownFileType = sourcecode.swift; path = HomeCoordinator.swift; sourceTree = "<group>"; };
		D5BA08292DB94878007BC95A /* LoadingViewController.swift */ = {isa = PBXFileReference; lastKnownFileType = sourcecode.swift; path = LoadingViewController.swift; sourceTree = "<group>"; };
		D5BA08332DB94C22007BC95A /* loading.json */ = {isa = PBXFileReference; lastKnownFileType = text.json; path = loading.json; sourceTree = "<group>"; };
		D5E8A7A92DB734BB00B95869 /* SignUpAuthViewModel.swift */ = {isa = PBXFileReference; lastKnownFileType = sourcecode.swift; path = SignUpAuthViewModel.swift; sourceTree = "<group>"; };
		D5E8A7B92DB73A7C00B95869 /* SignUpVerifyViewController.swift */ = {isa = PBXFileReference; lastKnownFileType = sourcecode.swift; path = SignUpVerifyViewController.swift; sourceTree = "<group>"; };
		D5E8A7BB2DB73AF300B95869 /* SignUpVerifyViewModel.swift */ = {isa = PBXFileReference; lastKnownFileType = sourcecode.swift; path = SignUpVerifyViewModel.swift; sourceTree = "<group>"; };
		D5E8A7C22DB7479600B95869 /* UserModel.swift */ = {isa = PBXFileReference; lastKnownFileType = sourcecode.swift; path = UserModel.swift; sourceTree = "<group>"; };
		D5E8A7D52DB7BAA100B95869 /* UserDefaultWrapper.swift */ = {isa = PBXFileReference; lastKnownFileType = sourcecode.swift; path = UserDefaultWrapper.swift; sourceTree = "<group>"; };
		D5E8A7D72DB7BAE000B95869 /* UserStorage.swift */ = {isa = PBXFileReference; lastKnownFileType = sourcecode.swift; path = UserStorage.swift; sourceTree = "<group>"; };
/* End PBXFileReference section */

/* Begin PBXFrameworksBuildPhase section */
		D575014A2DB11280002C1135 /* Frameworks */ = {
			isa = PBXFrameworksBuildPhase;
			buildActionMask = 2147483647;
			files = (
				D527B7042DB5D64E00F8A99E /* FirebaseAnalytics in Frameworks */,
				D527B70A2DB5D64E00F8A99E /* FirebaseFirestore in Frameworks */,
				D527B70C2DB5D64E00F8A99E /* FirebaseMessaging in Frameworks */,
				D5E8A7CC2DB7A14C00B95869 /* FirebaseFunctions in Frameworks */,
				D527B7082DB5D64E00F8A99E /* FirebaseCore in Frameworks */,
				D5E8A7D12DB7AC3A00B95869 /* Toast in Frameworks */,
				D527B7062DB5D64E00F8A99E /* FirebaseAuth in Frameworks */,
				D5BA082D2DB94A78007BC95A /* Lottie in Frameworks */,
			);
			runOnlyForDeploymentPostprocessing = 0;
		};
/* End PBXFrameworksBuildPhase section */

/* Begin PBXGroup section */
		D527B6F82DB5CAFE00F8A99E /* NewLogin */ = {
			isa = PBXGroup;
			children = (
				D5A5E3AD2DBA25D600C908EE /* Model */,
				D527B6FB2DB5CB2800F8A99E /* View */,
				D527B6FC2DB5CB2C00F8A99E /* ViewModel */,
				D5A5E3AE2DBA25DD00C908EE /* Service */,
			);
			path = NewLogin;
			sourceTree = "<group>";
		};
		D527B6F92DB5CB1000F8A99E /* OriginLogin */ = {
			isa = PBXGroup;
			children = (
				D527B72D2DB67FA800F8A99E /* Model */,
				D527B7302DB67FBA00F8A99E /* View */,
				D527B7312DB67FC300F8A99E /* ViewModel */,
				D5A5E3BC2DBA297A00C908EE /* Service */,
			);
			path = OriginLogin;
			sourceTree = "<group>";
		};
		D527B6FB2DB5CB2800F8A99E /* View */ = {
			isa = PBXGroup;
			children = (
				D527B70D2DB5D90500F8A99E /* SignUpAuthViewController.swift */,
				D5E8A7B92DB73A7C00B95869 /* SignUpVerifyViewController.swift */,
			);
			path = View;
			sourceTree = "<group>";
		};
		D527B6FC2DB5CB2C00F8A99E /* ViewModel */ = {
			isa = PBXGroup;
			children = (
				D5E8A7A92DB734BB00B95869 /* SignUpAuthViewModel.swift */,
				D527B7132DB5DA1300F8A99E /* SignUpTimerViewModel.swift */,
				D5E8A7BB2DB73AF300B95869 /* SignUpVerifyViewModel.swift */,
			);
			path = ViewModel;
			sourceTree = "<group>";
		};
		D527B72D2DB67FA800F8A99E /* Model */ = {
			isa = PBXGroup;
			children = (
				D5A5E3BA2DBA296100C908EE /* LoginModel.swift */,
			);
			path = Model;
			sourceTree = "<group>";
		};
		D527B7302DB67FBA00F8A99E /* View */ = {
			isa = PBXGroup;
			children = (
				D527B7352DB6844400F8A99E /* LoginViewController.swift */,
			);
			path = View;
			sourceTree = "<group>";
		};
		D527B7312DB67FC300F8A99E /* ViewModel */ = {
			isa = PBXGroup;
			children = (
				D5BA08212DB93D4E007BC95A /* LoginViewModel.swift */,
			);
			path = ViewModel;
			sourceTree = "<group>";
		};
		D527B7322DB6801D00F8A99E /* Delegate */ = {
			isa = PBXGroup;
			children = (
				D527B7332DB6805D00F8A99E /* RadiusSqaureDelegate.swift */,
			);
			path = Delegate;
			sourceTree = "<group>";
		};
		D527B7372DB6924400F8A99E /* Model */ = {
			isa = PBXGroup;
			children = (
			);
			path = Model;
			sourceTree = "<group>";
		};
		D527B7382DB6924C00F8A99E /* View */ = {
			isa = PBXGroup;
			children = (
				D527B73A2DB6926300F8A99E /* HomeViewController.swift */,
			);
			path = View;
			sourceTree = "<group>";
		};
		D527B7392DB6925400F8A99E /* ViewModel */ = {
			isa = PBXGroup;
			children = (
			);
			path = ViewModel;
			sourceTree = "<group>";
		};
		D5409C252DB1D6F800B6FF8E /* Extensions */ = {
			isa = PBXGroup;
			children = (
				D5409C682DB1F4CA00B6FF8E /* UIViewControllerPreview.swift */,
			);
			path = Extensions;
			sourceTree = "<group>";
		};
		D5409C2B2DB1D6F800B6FF8E /* Coordinator */ = {
			isa = PBXGroup;
			children = (
				D5409C292DB1D6F800B6FF8E /* AppCoordinator.swift */,
				D5BA08252DB94662007BC95A /* HomeCoordinator.swift */,
				D5409C2A2DB1D6F800B6FF8E /* Coordinator.swift */,
			);
			path = Coordinator;
			sourceTree = "<group>";
		};
		D5409C2C2DB1D6F800B6FF8E /* Home */ = {
			isa = PBXGroup;
			children = (
				D527B7372DB6924400F8A99E /* Model */,
				D527B7392DB6925400F8A99E /* ViewModel */,
				D527B7382DB6924C00F8A99E /* View */,
			);
			path = Home;
			sourceTree = "<group>";
		};
		D5409C2D2DB1D6F800B6FF8E /* Intro */ = {
			isa = PBXGroup;
			children = (
				D5409C6B2DB1F95700B6FF8E /* IntroViewController.swift */,
			);
			path = Intro;
			sourceTree = "<group>";
		};
		D5409C2F2DB1D6F800B6FF8E /* Launch */ = {
			isa = PBXGroup;
			children = (
				D5409C2E2DB1D6F800B6FF8E /* LaunchViewController.swift */,
			);
			path = Launch;
			sourceTree = "<group>";
		};
		D5409C322DB1D6F800B6FF8E /* Presentation */ = {
			isa = PBXGroup;
			children = (
				D5409D262DB4297700B6FF8E /* Common */,
				D5409C2F2DB1D6F800B6FF8E /* Launch */,
				D5BA08282DB9479D007BC95A /* Loading */,
				D5409C2D2DB1D6F800B6FF8E /* Intro */,
				D527B6F82DB5CAFE00F8A99E /* NewLogin */,
				D527B6F92DB5CB1000F8A99E /* OriginLogin */,
				D5409C2C2DB1D6F800B6FF8E /* Home */,
			);
			path = Presentation;
			sourceTree = "<group>";
		};
		D5409C342DB1D6F800B6FF8E /* Color */ = {
			isa = PBXGroup;
			children = (
				D5409C332DB1D6F800B6FF8E /* ColorLiterals.swift */,
			);
			path = Color;
			sourceTree = "<group>";
		};
		D5409C3F2DB1D6F800B6FF8E /* Font */ = {
			isa = PBXGroup;
			children = (
				D5409C352DB1D6F800B6FF8E /* FontLiterals.swift */,
				D527B7192DB5E84200F8A99E /* Pretendard-Black.otf */,
				D527B71A2DB5E84200F8A99E /* Pretendard-Bold.otf */,
				D527B71B2DB5E84200F8A99E /* Pretendard-ExtraBold.otf */,
				D527B71C2DB5E84200F8A99E /* Pretendard-ExtraLight.otf */,
				D527B71D2DB5E84200F8A99E /* Pretendard-Light.otf */,
				D527B71E2DB5E84200F8A99E /* Pretendard-Medium.otf */,
				D527B71F2DB5E84200F8A99E /* Pretendard-Regular.otf */,
				D527B7202DB5E84200F8A99E /* Pretendard-SemiBold.otf */,
				D527B7212DB5E84200F8A99E /* Pretendard-Thin.otf */,
			);
			path = Font;
			sourceTree = "<group>";
		};
		D5409C412DB1D6F800B6FF8E /* Resources */ = {
			isa = PBXGroup;
			children = (
				D5BA08312DB94BF1007BC95A /* Lottie */,
				D5409C342DB1D6F800B6FF8E /* Color */,
				D5409C3F2DB1D6F800B6FF8E /* Font */,
				D5409C402DB1D6F800B6FF8E /* Assets.xcassets */,
			);
			path = Resources;
			sourceTree = "<group>";
		};
		D5409C482DB1D6F800B6FF8E /* iEO */ = {
			isa = PBXGroup;
			children = (
				D5409C442DB1D6F800B6FF8E /* AppDelegate.swift */,
				D5409C472DB1D6F800B6FF8E /* SceneDelegate.swift */,
				D5409D242DB41E4D00B6FF8E /* NewLaunchScreen.storyboard */,
				D527B7002DB5D29A00F8A99E /* GoogleService-Info.plist */,
				D5409C452DB1D6F800B6FF8E /* Info.plist */,
				D5409C5C2DB1D87E00B6FF8E /* Global */,
				D5409C322DB1D6F800B6FF8E /* Presentation */,
				D5409C412DB1D6F800B6FF8E /* Resources */,
			);
			path = iEO;
			sourceTree = "<group>";
		};
		D5409C5C2DB1D87E00B6FF8E /* Global */ = {
			isa = PBXGroup;
			children = (
				D5E8A7D42DB7BA9600B95869 /* Common */,
				D527B7322DB6801D00F8A99E /* Delegate */,
				D5409C2B2DB1D6F800B6FF8E /* Coordinator */,
				D5409C252DB1D6F800B6FF8E /* Extensions */,
			);
			path = Global;
			sourceTree = "<group>";
		};
		D5409D262DB4297700B6FF8E /* Common */ = {
			isa = PBXGroup;
			children = (
				D5E8A7B52DB7374700B95869 /* Components */,
				D5E8A7C12DB7478400B95869 /* Model */,
			);
			path = Common;
			sourceTree = "<group>";
		};
		D57501442DB11280002C1135 = {
			isa = PBXGroup;
			children = (
				D5409C482DB1D6F800B6FF8E /* iEO */,
				D575014E2DB11280002C1135 /* Products */,
			);
			sourceTree = "<group>";
		};
		D575014E2DB11280002C1135 /* Products */ = {
			isa = PBXGroup;
			children = (
				D575014D2DB11280002C1135 /* iEO.app */,
			);
			name = Products;
			sourceTree = "<group>";
		};
		D5A5E3AD2DBA25D600C908EE /* Model */ = {
			isa = PBXGroup;
			children = (
				D5A5E3AF2DBA263A00C908EE /* SignUpAuthModel.swift */,
				D5A5E3B32DBA276700C908EE /* SingUpVerifyModel.swift */,
			);
			path = Model;
			sourceTree = "<group>";
		};
		D5A5E3AE2DBA25DD00C908EE /* Service */ = {
			isa = PBXGroup;
			children = (
				D5A5E3B12DBA26A900C908EE /* SignUpAuthService.swift */,
				D5A5E3B52DBA284300C908EE /* SignUpVerifyService.swift */,
			);
			path = Service;
			sourceTree = "<group>";
		};
		D5A5E3BC2DBA297A00C908EE /* Service */ = {
			isa = PBXGroup;
			children = (
				D5A5E3BE2DBA298E00C908EE /* LoginService.swift */,
			);
			path = Service;
			sourceTree = "<group>";
		};
		D5BA08282DB9479D007BC95A /* Loading */ = {
			isa = PBXGroup;
			children = (
				D5BA08292DB94878007BC95A /* LoadingViewController.swift */,
			);
			path = Loading;
			sourceTree = "<group>";
		};
		D5BA08312DB94BF1007BC95A /* Lottie */ = {
			isa = PBXGroup;
			children = (
				D5BA08332DB94C22007BC95A /* loading.json */,
			);
			path = Lottie;
			sourceTree = "<group>";
		};
		D5E8A7B52DB7374700B95869 /* Components */ = {
			isa = PBXGroup;
			children = (
				D527B72B2DB5EBA500F8A99E /* PaddedTextField.swift */,
				D5409D272DB429A400B6FF8E /* RadiusSquare.swift */,
			);
			path = Components;
			sourceTree = "<group>";
		};
		D5E8A7C12DB7478400B95869 /* Model */ = {
			isa = PBXGroup;
			children = (
				D5E8A7C22DB7479600B95869 /* UserModel.swift */,
			);
			path = Model;
			sourceTree = "<group>";
		};
		D5E8A7D42DB7BA9600B95869 /* Common */ = {
			isa = PBXGroup;
			children = (
				D5E8A7D72DB7BAE000B95869 /* UserStorage.swift */,
				D5E8A7D52DB7BAA100B95869 /* UserDefaultWrapper.swift */,
			);
			path = Common;
			sourceTree = "<group>";
		};
/* End PBXGroup section */

/* Begin PBXNativeTarget section */
		D575014C2DB11280002C1135 /* iEO */ = {
			isa = PBXNativeTarget;
			buildConfigurationList = D57501602DB11280002C1135 /* Build configuration list for PBXNativeTarget "iEO" */;
			buildPhases = (
				D57501492DB11280002C1135 /* Sources */,
				D575014A2DB11280002C1135 /* Frameworks */,
				D575014B2DB11280002C1135 /* Resources */,
			);
			buildRules = (
			);
			dependencies = (
			);
			name = iEO;
			packageProductDependencies = (
				D527B7032DB5D64E00F8A99E /* FirebaseAnalytics */,
				D527B7052DB5D64E00F8A99E /* FirebaseAuth */,
				D527B7072DB5D64E00F8A99E /* FirebaseCore */,
				D527B7092DB5D64E00F8A99E /* FirebaseFirestore */,
				D527B70B2DB5D64E00F8A99E /* FirebaseMessaging */,
				D5E8A7CB2DB7A14C00B95869 /* FirebaseFunctions */,
				D5E8A7D02DB7AC3A00B95869 /* Toast */,
				D5BA082C2DB94A78007BC95A /* Lottie */,
			);
			productName = iEO;
			productReference = D575014D2DB11280002C1135 /* iEO.app */;
			productType = "com.apple.product-type.application";
		};
/* End PBXNativeTarget section */

/* Begin PBXProject section */
		D57501452DB11280002C1135 /* Project object */ = {
			isa = PBXProject;
			attributes = {
				BuildIndependentTargetsInParallel = 1;
				LastSwiftUpdateCheck = 1620;
				LastUpgradeCheck = 1620;
				TargetAttributes = {
					D575014C2DB11280002C1135 = {
						CreatedOnToolsVersion = 16.2;
					};
				};
			};
			buildConfigurationList = D57501482DB11280002C1135 /* Build configuration list for PBXProject "iEO" */;
			developmentRegion = en;
			hasScannedForEncodings = 0;
			knownRegions = (
				en,
				Base,
			);
			mainGroup = D57501442DB11280002C1135;
			minimizedProjectReferenceProxies = 1;
			packageReferences = (
				D527B7022DB5D64E00F8A99E /* XCRemoteSwiftPackageReference "firebase-ios-sdk" */,
				D5E8A7CF2DB7AC3A00B95869 /* XCRemoteSwiftPackageReference "Toast-Swift" */,
				D5BA082B2DB94A78007BC95A /* XCRemoteSwiftPackageReference "lottie-ios" */,
			);
			preferredProjectObjectVersion = 77;
			productRefGroup = D575014E2DB11280002C1135 /* Products */;
			projectDirPath = "";
			projectRoot = "";
			targets = (
				D575014C2DB11280002C1135 /* iEO */,
			);
		};
/* End PBXProject section */

/* Begin PBXResourcesBuildPhase section */
		D575014B2DB11280002C1135 /* Resources */ = {
			isa = PBXResourcesBuildPhase;
			buildActionMask = 2147483647;
			files = (
				D5409D252DB41E4D00B6FF8E /* NewLaunchScreen.storyboard in Resources */,
				D527B7012DB5D29A00F8A99E /* GoogleService-Info.plist in Resources */,
				D527B7222DB5E84200F8A99E /* Pretendard-ExtraBold.otf in Resources */,
				D527B7232DB5E84200F8A99E /* Pretendard-Light.otf in Resources */,
				D527B7242DB5E84200F8A99E /* Pretendard-Thin.otf in Resources */,
				D527B7252DB5E84200F8A99E /* Pretendard-Regular.otf in Resources */,
				D5BA08342DB94C22007BC95A /* loading.json in Resources */,
				D527B7262DB5E84200F8A99E /* Pretendard-Medium.otf in Resources */,
				D527B7272DB5E84200F8A99E /* Pretendard-ExtraLight.otf in Resources */,
				D527B7282DB5E84200F8A99E /* Pretendard-Black.otf in Resources */,
				D527B7292DB5E84200F8A99E /* Pretendard-Bold.otf in Resources */,
				D527B72A2DB5E84200F8A99E /* Pretendard-SemiBold.otf in Resources */,
				D5409C592DB1D6F800B6FF8E /* Assets.xcassets in Resources */,
			);
			runOnlyForDeploymentPostprocessing = 0;
		};
/* End PBXResourcesBuildPhase section */

/* Begin PBXSourcesBuildPhase section */
		D57501492DB11280002C1135 /* Sources */ = {
			isa = PBXSourcesBuildPhase;
			buildActionMask = 2147483647;
			files = (
				D5409C6C2DB1F95700B6FF8E /* IntroViewController.swift in Sources */,
				D5409C492DB1D6F800B6FF8E /* AppCoordinator.swift in Sources */,
				D527B72C2DB5EBE700F8A99E /* PaddedTextField.swift in Sources */,
				D5409C4A2DB1D6F800B6FF8E /* Coordinator.swift in Sources */,
				D5A5E3B62DBA284900C908EE /* SignUpVerifyService.swift in Sources */,
				D5BA08262DB9466A007BC95A /* HomeCoordinator.swift in Sources */,
				D5E8A7D62DB7BAAB00B95869 /* UserDefaultWrapper.swift in Sources */,
				D5A5E3B42DBA276F00C908EE /* SingUpVerifyModel.swift in Sources */,
				D5E8A7D82DB7BAEF00B95869 /* UserStorage.swift in Sources */,
				D5A5E3BF2DBA299700C908EE /* LoginService.swift in Sources */,
				D527B7362DB6845300F8A99E /* LoginViewController.swift in Sources */,
				D5409C4B2DB1D6F800B6FF8E /* LaunchViewController.swift in Sources */,
				D5BA08222DB93D52007BC95A /* LoginViewModel.swift in Sources */,
				D527B7342DB6806C00F8A99E /* RadiusSqaureDelegate.swift in Sources */,
				D527B70E2DB5D91800F8A99E /* SignUpAuthViewController.swift in Sources */,
				D5E8A7BA2DB73A8F00B95869 /* SignUpVerifyViewController.swift in Sources */,
				D5409D282DB429B900B6FF8E /* RadiusSquare.swift in Sources */,
				D5E8A7C32DB7479B00B95869 /* UserModel.swift in Sources */,
				D527B7142DB5DA1E00F8A99E /* SignUpTimerViewModel.swift in Sources */,
				D5BA082A2DB9487F007BC95A /* LoadingViewController.swift in Sources */,
				D5409C4C2DB1D6F800B6FF8E /* ColorLiterals.swift in Sources */,
				D5409C4D2DB1D6F800B6FF8E /* FontLiterals.swift in Sources */,
				D5409C4E2DB1D6F800B6FF8E /* AppDelegate.swift in Sources */,
				D527B73B2DB6926C00F8A99E /* HomeViewController.swift in Sources */,
				D5E8A7BC2DB73AFD00B95869 /* SignUpVerifyViewModel.swift in Sources */,
				D5409C4F2DB1D6F800B6FF8E /* SceneDelegate.swift in Sources */,
				D5A5E3BB2DBA296700C908EE /* LoginModel.swift in Sources */,
				D5A5E3B02DBA264600C908EE /* SignUpAuthModel.swift in Sources */,
				D5409C692DB1F4D600B6FF8E /* UIViewControllerPreview.swift in Sources */,
				D5E8A7AA2DB734C500B95869 /* SignUpAuthViewModel.swift in Sources */,
				D5A5E3B22DBA26B800C908EE /* SignUpAuthService.swift in Sources */,
			);
			runOnlyForDeploymentPostprocessing = 0;
		};
/* End PBXSourcesBuildPhase section */

/* Begin XCBuildConfiguration section */
		D57501612DB11280002C1135 /* Debug */ = {
			isa = XCBuildConfiguration;
			buildSettings = {
				ASSETCATALOG_COMPILER_APPICON_NAME = AppIcon;
				ASSETCATALOG_COMPILER_GLOBAL_ACCENT_COLOR_NAME = AccentColor;
				CODE_SIGN_STYLE = Automatic;
				CURRENT_PROJECT_VERSION = 1;
				DEVELOPMENT_TEAM = 9S8SHSW95K;
				GENERATE_INFOPLIST_FILE = YES;
				INFOPLIST_FILE = iEO/Info.plist;
				INFOPLIST_KEY_UIApplicationSupportsIndirectInputEvents = YES;
				INFOPLIST_KEY_UILaunchStoryboardName = NewLaunchScreen;
				INFOPLIST_KEY_UISupportedInterfaceOrientations_iPad = "UIInterfaceOrientationPortrait UIInterfaceOrientationPortraitUpsideDown UIInterfaceOrientationLandscapeLeft UIInterfaceOrientationLandscapeRight";
				INFOPLIST_KEY_UISupportedInterfaceOrientations_iPhone = "UIInterfaceOrientationPortrait UIInterfaceOrientationLandscapeLeft UIInterfaceOrientationLandscapeRight";
				IPHONEOS_DEPLOYMENT_TARGET = 15.6;
				LD_RUNPATH_SEARCH_PATHS = (
					"$(inherited)",
					"@executable_path/Frameworks",
				);
				MARKETING_VERSION = 1.0;
				PRODUCT_BUNDLE_IDENTIFIER = com.GMYoo.iEO;
				PRODUCT_NAME = "$(TARGET_NAME)";
				SUPPORTED_PLATFORMS = "iphoneos iphonesimulator";
				SUPPORTS_MACCATALYST = NO;
				SUPPORTS_MAC_DESIGNED_FOR_IPHONE_IPAD = NO;
				SUPPORTS_XR_DESIGNED_FOR_IPHONE_IPAD = NO;
				SWIFT_EMIT_LOC_STRINGS = YES;
				SWIFT_VERSION = 5.0;
				TARGETED_DEVICE_FAMILY = "1,2";
			};
			name = Debug;
		};
		D57501622DB11280002C1135 /* Release */ = {
			isa = XCBuildConfiguration;
			buildSettings = {
				ASSETCATALOG_COMPILER_APPICON_NAME = AppIcon;
				ASSETCATALOG_COMPILER_GLOBAL_ACCENT_COLOR_NAME = AccentColor;
				CODE_SIGN_STYLE = Automatic;
				CURRENT_PROJECT_VERSION = 1;
				DEVELOPMENT_TEAM = 9S8SHSW95K;
				GENERATE_INFOPLIST_FILE = YES;
				INFOPLIST_FILE = iEO/Info.plist;
				INFOPLIST_KEY_UIApplicationSupportsIndirectInputEvents = YES;
				INFOPLIST_KEY_UILaunchStoryboardName = NewLaunchScreen;
				INFOPLIST_KEY_UISupportedInterfaceOrientations_iPad = "UIInterfaceOrientationPortrait UIInterfaceOrientationPortraitUpsideDown UIInterfaceOrientationLandscapeLeft UIInterfaceOrientationLandscapeRight";
				INFOPLIST_KEY_UISupportedInterfaceOrientations_iPhone = "UIInterfaceOrientationPortrait UIInterfaceOrientationLandscapeLeft UIInterfaceOrientationLandscapeRight";
				IPHONEOS_DEPLOYMENT_TARGET = 15.6;
				LD_RUNPATH_SEARCH_PATHS = (
					"$(inherited)",
					"@executable_path/Frameworks",
				);
				MARKETING_VERSION = 1.0;
				PRODUCT_BUNDLE_IDENTIFIER = com.GMYoo.iEO;
				PRODUCT_NAME = "$(TARGET_NAME)";
				SUPPORTED_PLATFORMS = "iphoneos iphonesimulator";
				SUPPORTS_MACCATALYST = NO;
				SUPPORTS_MAC_DESIGNED_FOR_IPHONE_IPAD = NO;
				SUPPORTS_XR_DESIGNED_FOR_IPHONE_IPAD = NO;
				SWIFT_EMIT_LOC_STRINGS = YES;
				SWIFT_VERSION = 5.0;
				TARGETED_DEVICE_FAMILY = "1,2";
			};
			name = Release;
		};
		D57501632DB11280002C1135 /* Debug */ = {
			isa = XCBuildConfiguration;
			buildSettings = {
				ALWAYS_SEARCH_USER_PATHS = NO;
				ASSETCATALOG_COMPILER_GENERATE_SWIFT_ASSET_SYMBOL_EXTENSIONS = YES;
				CLANG_ANALYZER_NONNULL = YES;
				CLANG_ANALYZER_NUMBER_OBJECT_CONVERSION = YES_AGGRESSIVE;
				CLANG_CXX_LANGUAGE_STANDARD = "gnu++20";
				CLANG_ENABLE_MODULES = YES;
				CLANG_ENABLE_OBJC_ARC = YES;
				CLANG_ENABLE_OBJC_WEAK = YES;
				CLANG_WARN_BLOCK_CAPTURE_AUTORELEASING = YES;
				CLANG_WARN_BOOL_CONVERSION = YES;
				CLANG_WARN_COMMA = YES;
				CLANG_WARN_CONSTANT_CONVERSION = YES;
				CLANG_WARN_DEPRECATED_OBJC_IMPLEMENTATIONS = YES;
				CLANG_WARN_DIRECT_OBJC_ISA_USAGE = YES_ERROR;
				CLANG_WARN_DOCUMENTATION_COMMENTS = YES;
				CLANG_WARN_EMPTY_BODY = YES;
				CLANG_WARN_ENUM_CONVERSION = YES;
				CLANG_WARN_INFINITE_RECURSION = YES;
				CLANG_WARN_INT_CONVERSION = YES;
				CLANG_WARN_NON_LITERAL_NULL_CONVERSION = YES;
				CLANG_WARN_OBJC_IMPLICIT_RETAIN_SELF = YES;
				CLANG_WARN_OBJC_LITERAL_CONVERSION = YES;
				CLANG_WARN_OBJC_ROOT_CLASS = YES_ERROR;
				CLANG_WARN_QUOTED_INCLUDE_IN_FRAMEWORK_HEADER = YES;
				CLANG_WARN_RANGE_LOOP_ANALYSIS = YES;
				CLANG_WARN_STRICT_PROTOTYPES = YES;
				CLANG_WARN_SUSPICIOUS_MOVE = YES;
				CLANG_WARN_UNGUARDED_AVAILABILITY = YES_AGGRESSIVE;
				CLANG_WARN_UNREACHABLE_CODE = YES;
				CLANG_WARN__DUPLICATE_METHOD_MATCH = YES;
				COPY_PHASE_STRIP = NO;
				DEBUG_INFORMATION_FORMAT = dwarf;
				ENABLE_STRICT_OBJC_MSGSEND = YES;
				ENABLE_TESTABILITY = YES;
				ENABLE_USER_SCRIPT_SANDBOXING = YES;
				GCC_C_LANGUAGE_STANDARD = gnu17;
				GCC_DYNAMIC_NO_PIC = NO;
				GCC_NO_COMMON_BLOCKS = YES;
				GCC_OPTIMIZATION_LEVEL = 0;
				GCC_PREPROCESSOR_DEFINITIONS = (
					"DEBUG=1",
					"$(inherited)",
				);
				GCC_WARN_64_TO_32_BIT_CONVERSION = YES;
				GCC_WARN_ABOUT_RETURN_TYPE = YES_ERROR;
				GCC_WARN_UNDECLARED_SELECTOR = YES;
				GCC_WARN_UNINITIALIZED_AUTOS = YES_AGGRESSIVE;
				GCC_WARN_UNUSED_FUNCTION = YES;
				GCC_WARN_UNUSED_VARIABLE = YES;
				IPHONEOS_DEPLOYMENT_TARGET = 18.2;
				LOCALIZATION_PREFERS_STRING_CATALOGS = YES;
				MTL_ENABLE_DEBUG_INFO = INCLUDE_SOURCE;
				MTL_FAST_MATH = YES;
				ONLY_ACTIVE_ARCH = YES;
				SDKROOT = iphoneos;
				SWIFT_ACTIVE_COMPILATION_CONDITIONS = "DEBUG $(inherited)";
				SWIFT_OPTIMIZATION_LEVEL = "-Onone";
			};
			name = Debug;
		};
		D57501642DB11280002C1135 /* Release */ = {
			isa = XCBuildConfiguration;
			buildSettings = {
				ALWAYS_SEARCH_USER_PATHS = NO;
				ASSETCATALOG_COMPILER_GENERATE_SWIFT_ASSET_SYMBOL_EXTENSIONS = YES;
				CLANG_ANALYZER_NONNULL = YES;
				CLANG_ANALYZER_NUMBER_OBJECT_CONVERSION = YES_AGGRESSIVE;
				CLANG_CXX_LANGUAGE_STANDARD = "gnu++20";
				CLANG_ENABLE_MODULES = YES;
				CLANG_ENABLE_OBJC_ARC = YES;
				CLANG_ENABLE_OBJC_WEAK = YES;
				CLANG_WARN_BLOCK_CAPTURE_AUTORELEASING = YES;
				CLANG_WARN_BOOL_CONVERSION = YES;
				CLANG_WARN_COMMA = YES;
				CLANG_WARN_CONSTANT_CONVERSION = YES;
				CLANG_WARN_DEPRECATED_OBJC_IMPLEMENTATIONS = YES;
				CLANG_WARN_DIRECT_OBJC_ISA_USAGE = YES_ERROR;
				CLANG_WARN_DOCUMENTATION_COMMENTS = YES;
				CLANG_WARN_EMPTY_BODY = YES;
				CLANG_WARN_ENUM_CONVERSION = YES;
				CLANG_WARN_INFINITE_RECURSION = YES;
				CLANG_WARN_INT_CONVERSION = YES;
				CLANG_WARN_NON_LITERAL_NULL_CONVERSION = YES;
				CLANG_WARN_OBJC_IMPLICIT_RETAIN_SELF = YES;
				CLANG_WARN_OBJC_LITERAL_CONVERSION = YES;
				CLANG_WARN_OBJC_ROOT_CLASS = YES_ERROR;
				CLANG_WARN_QUOTED_INCLUDE_IN_FRAMEWORK_HEADER = YES;
				CLANG_WARN_RANGE_LOOP_ANALYSIS = YES;
				CLANG_WARN_STRICT_PROTOTYPES = YES;
				CLANG_WARN_SUSPICIOUS_MOVE = YES;
				CLANG_WARN_UNGUARDED_AVAILABILITY = YES_AGGRESSIVE;
				CLANG_WARN_UNREACHABLE_CODE = YES;
				CLANG_WARN__DUPLICATE_METHOD_MATCH = YES;
				COPY_PHASE_STRIP = NO;
				DEBUG_INFORMATION_FORMAT = "dwarf-with-dsym";
				ENABLE_NS_ASSERTIONS = NO;
				ENABLE_STRICT_OBJC_MSGSEND = YES;
				ENABLE_USER_SCRIPT_SANDBOXING = YES;
				GCC_C_LANGUAGE_STANDARD = gnu17;
				GCC_NO_COMMON_BLOCKS = YES;
				GCC_WARN_64_TO_32_BIT_CONVERSION = YES;
				GCC_WARN_ABOUT_RETURN_TYPE = YES_ERROR;
				GCC_WARN_UNDECLARED_SELECTOR = YES;
				GCC_WARN_UNINITIALIZED_AUTOS = YES_AGGRESSIVE;
				GCC_WARN_UNUSED_FUNCTION = YES;
				GCC_WARN_UNUSED_VARIABLE = YES;
				IPHONEOS_DEPLOYMENT_TARGET = 18.2;
				LOCALIZATION_PREFERS_STRING_CATALOGS = YES;
				MTL_ENABLE_DEBUG_INFO = NO;
				MTL_FAST_MATH = YES;
				SDKROOT = iphoneos;
				SWIFT_COMPILATION_MODE = wholemodule;
				VALIDATE_PRODUCT = YES;
			};
			name = Release;
		};
/* End XCBuildConfiguration section */

/* Begin XCConfigurationList section */
		D57501482DB11280002C1135 /* Build configuration list for PBXProject "iEO" */ = {
			isa = XCConfigurationList;
			buildConfigurations = (
				D57501632DB11280002C1135 /* Debug */,
				D57501642DB11280002C1135 /* Release */,
			);
			defaultConfigurationIsVisible = 0;
			defaultConfigurationName = Release;
		};
		D57501602DB11280002C1135 /* Build configuration list for PBXNativeTarget "iEO" */ = {
			isa = XCConfigurationList;
			buildConfigurations = (
				D57501612DB11280002C1135 /* Debug */,
				D57501622DB11280002C1135 /* Release */,
			);
			defaultConfigurationIsVisible = 0;
			defaultConfigurationName = Release;
		};
/* End XCConfigurationList section */

/* Begin XCRemoteSwiftPackageReference section */
		D527B7022DB5D64E00F8A99E /* XCRemoteSwiftPackageReference "firebase-ios-sdk" */ = {
			isa = XCRemoteSwiftPackageReference;
			repositoryURL = "https://github.com/firebase/firebase-ios-sdk";
			requirement = {
				kind = upToNextMajorVersion;
				minimumVersion = 11.11.0;
			};
		};
		D5BA082B2DB94A78007BC95A /* XCRemoteSwiftPackageReference "lottie-ios" */ = {
			isa = XCRemoteSwiftPackageReference;
			repositoryURL = "https://github.com/airbnb/lottie-ios";
			requirement = {
				kind = upToNextMajorVersion;
				minimumVersion = 4.5.1;
			};
		};
		D5E8A7CF2DB7AC3A00B95869 /* XCRemoteSwiftPackageReference "Toast-Swift" */ = {
			isa = XCRemoteSwiftPackageReference;
			repositoryURL = "https://github.com/scalessec/Toast-Swift.git";
			requirement = {
				kind = upToNextMajorVersion;
				minimumVersion = 5.1.1;
			};
		};
/* End XCRemoteSwiftPackageReference section */

/* Begin XCSwiftPackageProductDependency section */
		D527B7032DB5D64E00F8A99E /* FirebaseAnalytics */ = {
			isa = XCSwiftPackageProductDependency;
			package = D527B7022DB5D64E00F8A99E /* XCRemoteSwiftPackageReference "firebase-ios-sdk" */;
			productName = FirebaseAnalytics;
		};
		D527B7052DB5D64E00F8A99E /* FirebaseAuth */ = {
			isa = XCSwiftPackageProductDependency;
			package = D527B7022DB5D64E00F8A99E /* XCRemoteSwiftPackageReference "firebase-ios-sdk" */;
			productName = FirebaseAuth;
		};
		D527B7072DB5D64E00F8A99E /* FirebaseCore */ = {
			isa = XCSwiftPackageProductDependency;
			package = D527B7022DB5D64E00F8A99E /* XCRemoteSwiftPackageReference "firebase-ios-sdk" */;
			productName = FirebaseCore;
		};
		D527B7092DB5D64E00F8A99E /* FirebaseFirestore */ = {
			isa = XCSwiftPackageProductDependency;
			package = D527B7022DB5D64E00F8A99E /* XCRemoteSwiftPackageReference "firebase-ios-sdk" */;
			productName = FirebaseFirestore;
		};
		D527B70B2DB5D64E00F8A99E /* FirebaseMessaging */ = {
			isa = XCSwiftPackageProductDependency;
			package = D527B7022DB5D64E00F8A99E /* XCRemoteSwiftPackageReference "firebase-ios-sdk" */;
			productName = FirebaseMessaging;
		};
		D5BA082C2DB94A78007BC95A /* Lottie */ = {
			isa = XCSwiftPackageProductDependency;
			package = D5BA082B2DB94A78007BC95A /* XCRemoteSwiftPackageReference "lottie-ios" */;
			productName = Lottie;
		};
		D5E8A7CB2DB7A14C00B95869 /* FirebaseFunctions */ = {
			isa = XCSwiftPackageProductDependency;
			package = D527B7022DB5D64E00F8A99E /* XCRemoteSwiftPackageReference "firebase-ios-sdk" */;
			productName = FirebaseFunctions;
		};
		D5E8A7D02DB7AC3A00B95869 /* Toast */ = {
			isa = XCSwiftPackageProductDependency;
			package = D5E8A7CF2DB7AC3A00B95869 /* XCRemoteSwiftPackageReference "Toast-Swift" */;
			productName = Toast;
		};
/* End XCSwiftPackageProductDependency section */
	};
	rootObject = D57501452DB11280002C1135 /* Project object */;
}
